
Microsoft Visual Studio Solution File, Format Version 12.00
# Visual Studio 15
Project("{FAE04EC0-301F-11D3-BF4B-00C04F79EFBC}") = "app.iOS", "app.iOS\app.iOS.csproj", "{20008CEB-8DCE-46F4-86E1-437F65923C4D}"
EndProject
Project("{FAE04EC0-301F-11D3-BF4B-00C04F79EFBC}") = "app", "app\app.csproj", "{5B402894-13DF-40EC-8A21-233A8846A572}"
EndProject
Global
	GlobalSection(SolutionConfigurationPlatforms) = preSolution
		Debug|iPhoneSimulator = Debug|iPhoneSimulator
		Release|iPhoneSimulator = Release|iPhoneSimulator
		Debug|iPhone = Debug|iPhone
		Release|iPhone = Release|iPhone
		Debug|Any CPU = Debug|Any CPU
		Release|Any CPU = Release|Any CPU
	EndGlobalSection
	GlobalSection(ProjectConfigurationPlatforms) = postSolution
		{20008CEB-8DCE-46F4-86E1-437F65923C4D}.Debug|iPhoneSimulator.ActiveCfg = Debug|iPhoneSimulator
		{20008CEB-8DCE-46F4-86E1-437F65923C4D}.Debug|iPhoneSimulator.Build.0 = Debug|iPhoneSimulator
		{20008CEB-8DCE-46F4-86E1-437F65923C4D}.Release|iPhoneSimulator.ActiveCfg = Release|iPhoneSimulator
		{20008CEB-8DCE-46F4-86E1-437F65923C4D}.Release|iPhoneSimulator.Build.0 = Release|iPhoneSimulator
		{20008CEB-8DCE-46F4-86E1-437F65923C4D}.Debug|iPhone.ActiveCfg = Debug|iPhone
		{20008CEB-8DCE-46F4-86E1-437F65923C4D}.Debug|iPhone.Build.0 = Debug|iPhone
		{20008CEB-8DCE-46F4-86E1-437F65923C4D}.Release|iPhone.ActiveCfg = Release|iPhone
		{20008CEB-8DCE-46F4-86E1-437F65923C4D}.Release|iPhone.Build.0 = Release|iPhone
		{20008CEB-8DCE-46F4-86E1-437F65923C4D}.Debug|Any CPU.ActiveCfg = Debug|iPhoneSimulator
		{20008CEB-8DCE-46F4-86E1-437F65923C4D}.Debug|Any CPU.Build.0 = Debug|iPhoneSimulator
		{20008CEB-8DCE-46F4-86E1-437F65923C4D}.Release|Any CPU.ActiveCfg = Release|iPhoneSimulator
		{20008CEB-8DCE-46F4-86E1-437F65923C4D}.Release|Any CPU.Build.0 = Release|iPhoneSimulator
		{5B402894-13DF-40EC-8A21-233A8846A572}.Debug|iPhoneSimulator.ActiveCfg = Debug|Any CPU
		{5B402894-13DF-40EC-8A21-233A8846A572}.Debug|iPhoneSimulator.Build.0 = Debug|Any CPU
		{5B402894-13DF-40EC-8A21-233A8846A572}.Release|iPhoneSimulator.ActiveCfg = Release|Any CPU
		{5B402894-13DF-40EC-8A21-233A8846A572}.Release|iPhoneSimulator.Build.0 = Release|Any CPU
		{5B402894-13DF-40EC-8A21-233A8846A572}.Debug|iPhone.ActiveCfg = Debug|Any CPU
		{5B402894-13DF-40EC-8A21-233A8846A572}.Debug|iPhone.Build.0 = Debug|Any CPU
		{5B402894-13DF-40EC-8A21-233A8846A572}.Release|iPhone.ActiveCfg = Release|Any CPU
		{5B402894-13DF-40EC-8A21-233A8846A572}.Release|iPhone.Build.0 = Release|Any CPU
		{5B402894-13DF-40EC-8A21-233A8846A572}.Debug|Any CPU.ActiveCfg = Debug|Any CPU
		{5B402894-13DF-40EC-8A21-233A8846A572}.Debug|Any CPU.Build.0 = Debug|Any CPU
		{5B402894-13DF-40EC-8A21-233A8846A572}.Release|Any CPU.ActiveCfg = Release|Any CPU
		{5B402894-13DF-40EC-8A21-233A8846A572}.Release|Any CPU.Build.0 = Release|Any CPU
	EndGlobalSection
EndGlobal
